
Microsoft Visual Studio Solution File, Format Version 12.00
# Visual Studio Version 17
VisualStudioVersion = 17.2.32526.322
MinimumVisualStudioVersion = 10.0.40219.1
Project("{2150E333-8FDC-42A3-9474-1A3956D46DE8}") = "DLL3rdParty", "DLL3rdParty", "{34C8B085-C4A3-4354-89A0-8D7C7BF95517}"
	ProjectSection(SolutionItems) = preProject
		DLL3rdParty\EnvisionIE.Connection.Engine.dll = DLL3rdParty\EnvisionIE.Connection.Engine.dll
		DLL3rdParty\EnvisionIE.Entity.Global.dll = DLL3rdParty\EnvisionIE.Entity.Global.dll
		DLL3rdParty\EnvisionIE.Hl7.dll = DLL3rdParty\EnvisionIE.Hl7.dll
		DLL3rdParty\EnvisionIE.Operational.dll = DLL3rdParty\EnvisionIE.Operational.dll
		DLL3rdParty\EnvisionIEService.Api.dll = DLL3rdParty\EnvisionIEService.Api.dll
		DLL3rdParty\EnvisionIEService.Entity.dll = DLL3rdParty\EnvisionIEService.Entity.dll
		DLL3rdParty\EnvisionIEService.Operational.dll = DLL3rdParty\EnvisionIEService.Operational.dll
		DLL3rdParty\EnvisionIEService.WebService.dll = DLL3rdParty\EnvisionIEService.WebService.dll
		DLL3rdParty\Mono.Security.dll = DLL3rdParty\Mono.Security.dll
		DLL3rdParty\Npgsql.dll = DLL3rdParty\Npgsql.dll
		DLL3rdParty\Oracle.ManagedDataAccess.dll = DLL3rdParty\Oracle.ManagedDataAccess.dll
	EndProjectSection
EndProject
Project("{FAE04EC0-301F-11D3-BF4B-00C04F79EFBC}") = "EnvisionMDIService", "EnvisionMDIService\EnvisionMDIService.csproj", "{DA82BCD8-04C5-4F9A-91A6-E70CAB27D001}"
EndProject
Project("{2150E333-8FDC-42A3-9474-1A3956D46DE8}") = "EnvisionMDIibraries", "EnvisionMDIibraries", "{3FCB8D2D-7F65-47EA-AC6B-F74DDE13F0A3}"
EndProject
Project("{FAE04EC0-301F-11D3-BF4B-00C04F79EFBC}") = "EnvisionMDI.Entity", "EnvisionMDI.Entity\EnvisionMDI.Entity.csproj", "{38F32B0D-37AC-4899-8EAC-45B0BA646C98}"
EndProject
Project("{2150E333-8FDC-42A3-9474-1A3956D46DE8}") = "EnvisionMDIWebService", "EnvisionMDIWebService", "{222E9D86-ED8A-4B39-A7CF-4D42973F55F7}"
EndProject
Project("{2150E333-8FDC-42A3-9474-1A3956D46DE8}") = "EnvisionMDIApplication", "EnvisionMDIApplication", "{D675130E-017D-4E8C-A7E5-7A30CC55C7E4}"
EndProject
Project("{FAE04EC0-301F-11D3-BF4B-00C04F79EFBC}") = "MDI", "MDI\MDI.csproj", "{68518A51-E752-4489-9BDF-4B1E48A3F414}"
EndProject
Global
	GlobalSection(SolutionConfigurationPlatforms) = preSolution
		Debug|Any CPU = Debug|Any CPU
		Release|Any CPU = Release|Any CPU
	EndGlobalSection
	GlobalSection(ProjectConfigurationPlatforms) = postSolution
		{DA82BCD8-04C5-4F9A-91A6-E70CAB27D001}.Debug|Any CPU.ActiveCfg = Debug|Any CPU
		{DA82BCD8-04C5-4F9A-91A6-E70CAB27D001}.Debug|Any CPU.Build.0 = Debug|Any CPU
		{DA82BCD8-04C5-4F9A-91A6-E70CAB27D001}.Release|Any CPU.ActiveCfg = Release|Any CPU
		{DA82BCD8-04C5-4F9A-91A6-E70CAB27D001}.Release|Any CPU.Build.0 = Release|Any CPU
		{38F32B0D-37AC-4899-8EAC-45B0BA646C98}.Debug|Any CPU.ActiveCfg = Debug|Any CPU
		{38F32B0D-37AC-4899-8EAC-45B0BA646C98}.Debug|Any CPU.Build.0 = Debug|Any CPU
		{38F32B0D-37AC-4899-8EAC-45B0BA646C98}.Release|Any CPU.ActiveCfg = Release|Any CPU
		{38F32B0D-37AC-4899-8EAC-45B0BA646C98}.Release|Any CPU.Build.0 = Release|Any CPU
		{68518A51-E752-4489-9BDF-4B1E48A3F414}.Debug|Any CPU.ActiveCfg = Debug|Any CPU
		{68518A51-E752-4489-9BDF-4B1E48A3F414}.Debug|Any CPU.Build.0 = Debug|Any CPU
		{68518A51-E752-4489-9BDF-4B1E48A3F414}.Release|Any CPU.ActiveCfg = Release|Any CPU
		{68518A51-E752-4489-9BDF-4B1E48A3F414}.Release|Any CPU.Build.0 = Release|Any CPU
	EndGlobalSection
	GlobalSection(SolutionProperties) = preSolution
		HideSolutionNode = FALSE
	EndGlobalSection
	GlobalSection(NestedProjects) = preSolution
		{DA82BCD8-04C5-4F9A-91A6-E70CAB27D001} = {222E9D86-ED8A-4B39-A7CF-4D42973F55F7}
		{38F32B0D-37AC-4899-8EAC-45B0BA646C98} = {3FCB8D2D-7F65-47EA-AC6B-F74DDE13F0A3}
		{68518A51-E752-4489-9BDF-4B1E48A3F414} = {D675130E-017D-4E8C-A7E5-7A30CC55C7E4}
	EndGlobalSection
	GlobalSection(ExtensibilityGlobals) = postSolution
		SolutionGuid = {D2FAE536-8FB8-4B23-959C-F53B54D3C379}
	EndGlobalSection
EndGlobal
